
Microsoft Visual Studio Solution File, Format Version 12.00
# Visual Studio Version 16
VisualStudioVersion = 16.0.30503.244
MinimumVisualStudioVersion = 10.0.40219.1
Project("{FAE04EC0-301F-11D3-BF4B-00C04F79EFBC}") = "person", "person.csproj", "{8348E731-FEB4-488E-8AA3-3A5C031F87EA}"
EndProject
Project("{9A19103F-16F7-4668-BE54-9A1E7A4F7556}") = "hinh", "..\hinh\hinh.csproj", "{866C9866-E53B-423F-A387-227DFA99BE6B}"
EndProject
Global
	GlobalSection(SolutionConfigurationPlatforms) = preSolution
		Debug|Any CPU = Debug|Any CPU
		Release|Any CPU = Release|Any CPU
	EndGlobalSection
	GlobalSection(ProjectConfigurationPlatforms) = postSolution
		{8348E731-FEB4-488E-8AA3-3A5C031F87EA}.Debug|Any CPU.ActiveCfg = Debug|Any CPU
		{8348E731-FEB4-488E-8AA3-3A5C031F87EA}.Debug|Any CPU.Build.0 = Debug|Any CPU
		{8348E731-FEB4-488E-8AA3-3A5C031F87EA}.Release|Any CPU.ActiveCfg = Release|Any CPU
		{8348E731-FEB4-488E-8AA3-3A5C031F87EA}.Release|Any CPU.Build.0 = Release|Any CPU
		{866C9866-E53B-423F-A387-227DFA99BE6B}.Debug|Any CPU.ActiveCfg = Debug|Any CPU
		{866C9866-E53B-423F-A387-227DFA99BE6B}.Debug|Any CPU.Build.0 = Debug|Any CPU
		{866C9866-E53B-423F-A387-227DFA99BE6B}.Release|Any CPU.ActiveCfg = Release|Any CPU
		{866C9866-E53B-423F-A387-227DFA99BE6B}.Release|Any CPU.Build.0 = Release|Any CPU
	EndGlobalSection
	GlobalSection(SolutionProperties) = preSolution
		HideSolutionNode = FALSE
	EndGlobalSection
	GlobalSection(ExtensibilityGlobals) = postSolution
		SolutionGuid = {25EBA4AA-1C93-48FA-A563-2E10D1F31E93}
	EndGlobalSection
EndGlobal
